// !$*UTF8*$!
{
	archiveVersion = 1;
	classes = {
	};
	objectVersion = 56;
	objects = {

/* Begin PBXBuildFile section */
		FA0D9A6F293375850036872F /* Services in Frameworks */ = {isa = PBXBuildFile; productRef = FA0D9A6E293375850036872F /* Services */; };
		FA49F10B28F842BA006F3078 /* RootFeature in Resources */ = {isa = PBXBuildFile; fileRef = FA49F10A28F842BA006F3078 /* RootFeature */; };
		FA49F10E28F843EC006F3078 /* AccountsFeature in Resources */ = {isa = PBXBuildFile; fileRef = FA49F10D28F843EC006F3078 /* AccountsFeature */; };
		FA49F11028F844CB006F3078 /* NewAccountFeature in Resources */ = {isa = PBXBuildFile; fileRef = FA49F10F28F844CB006F3078 /* NewAccountFeature */; };
		FA49F11228F84557006F3078 /* TransactionsFeature in Resources */ = {isa = PBXBuildFile; fileRef = FA49F11128F84557006F3078 /* TransactionsFeature */; };
		FA49F11628F845BF006F3078 /* NewAccountFeature in Frameworks */ = {isa = PBXBuildFile; productRef = FA49F11528F845BF006F3078 /* NewAccountFeature */; };
		FA49F11828F845BF006F3078 /* RootFeature in Frameworks */ = {isa = PBXBuildFile; productRef = FA49F11728F845BF006F3078 /* RootFeature */; };
		FA49F11A28F845BF006F3078 /* TransactionsFeature in Frameworks */ = {isa = PBXBuildFile; productRef = FA49F11928F845BF006F3078 /* TransactionsFeature */; };
		FA49F11D28F846E6006F3078 /* Models in Frameworks */ = {isa = PBXBuildFile; productRef = FA49F11C28F846E6006F3078 /* Models */; };
		FA49F11F28F8476D006F3078 /* AccountsFeature in Frameworks */ = {isa = PBXBuildFile; productRef = FA49F11E28F8476D006F3078 /* AccountsFeature */; };
		FA6B9A5F28CD1A02002D13DA /* MoneyApp.swift in Sources */ = {isa = PBXBuildFile; fileRef = FA6B9A5E28CD1A02002D13DA /* MoneyApp.swift */; };
		FA6B9A6328CD1A03002D13DA /* Assets.xcassets in Resources */ = {isa = PBXBuildFile; fileRef = FA6B9A6228CD1A03002D13DA /* Assets.xcassets */; };
		FA6B9A6628CD1A03002D13DA /* Preview Assets.xcassets in Resources */ = {isa = PBXBuildFile; fileRef = FA6B9A6528CD1A03002D13DA /* Preview Assets.xcassets */; };
		FA727F1728D261DA00753C57 /* MoneyTests.swift in Sources */ = {isa = PBXBuildFile; fileRef = FA727F1628D261DA00753C57 /* MoneyTests.swift */; };
		FA727F1E28D261FF00753C57 /* CoreDataStackTests.swift in Sources */ = {isa = PBXBuildFile; fileRef = FA727F1D28D261FF00753C57 /* CoreDataStackTests.swift */; };
		FABB5F1429001BFE00EF27F6 /* Helpers in Frameworks */ = {isa = PBXBuildFile; productRef = FABB5F1329001BFE00EF27F6 /* Helpers */; };
		FABB5F1A2901464F00EF27F6 /* Repository in Frameworks */ = {isa = PBXBuildFile; productRef = FABB5F192901464F00EF27F6 /* Repository */; };
		FAD5F79B293348B700CA7CF4 /* AuthFeature in Resources */ = {isa = PBXBuildFile; fileRef = FAD5F79A293348B700CA7CF4 /* AuthFeature */; };
		FAD5F79D2933499F00CA7CF4 /* AuthFeature in Frameworks */ = {isa = PBXBuildFile; productRef = FAD5F79C2933499F00CA7CF4 /* AuthFeature */; };
/* End PBXBuildFile section */

/* Begin PBXContainerItemProxy section */
		FA727F1828D261DA00753C57 /* PBXContainerItemProxy */ = {
			isa = PBXContainerItemProxy;
			containerPortal = FA6B9A5328CD1A02002D13DA /* Project object */;
			proxyType = 1;
			remoteGlobalIDString = FA6B9A5A28CD1A02002D13DA;
			remoteInfo = Money;
		};
/* End PBXContainerItemProxy section */

/* Begin PBXFileReference section */
		FA0D9A6D293375770036872F /* Services */ = {isa = PBXFileReference; lastKnownFileType = wrapper; path = Services; sourceTree = "<group>"; };
		FA0D9A70293380E30036872F /* Info.plist */ = {isa = PBXFileReference; lastKnownFileType = text.plist; path = Info.plist; sourceTree = "<group>"; };
		FA38BFE9290019E400E4CD98 /* Helpers */ = {isa = PBXFileReference; lastKnownFileType = wrapper; path = Helpers; sourceTree = "<group>"; };
		FA49F10A28F842BA006F3078 /* RootFeature */ = {isa = PBXFileReference; lastKnownFileType = wrapper; path = RootFeature; sourceTree = "<group>"; };
		FA49F10D28F843EC006F3078 /* AccountsFeature */ = {isa = PBXFileReference; lastKnownFileType = wrapper; path = AccountsFeature; sourceTree = "<group>"; };
		FA49F10F28F844CB006F3078 /* NewAccountFeature */ = {isa = PBXFileReference; lastKnownFileType = wrapper; path = NewAccountFeature; sourceTree = "<group>"; };
		FA49F11128F84557006F3078 /* TransactionsFeature */ = {isa = PBXFileReference; lastKnownFileType = wrapper; path = TransactionsFeature; sourceTree = "<group>"; };
		FA49F11B28F846AC006F3078 /* Models */ = {isa = PBXFileReference; lastKnownFileType = wrapper; path = Models; sourceTree = "<group>"; };
		FA6B9A5B28CD1A02002D13DA /* Money.app */ = {isa = PBXFileReference; explicitFileType = wrapper.application; includeInIndex = 0; path = Money.app; sourceTree = BUILT_PRODUCTS_DIR; };
		FA6B9A5E28CD1A02002D13DA /* MoneyApp.swift */ = {isa = PBXFileReference; lastKnownFileType = sourcecode.swift; path = MoneyApp.swift; sourceTree = "<group>"; };
		FA6B9A6228CD1A03002D13DA /* Assets.xcassets */ = {isa = PBXFileReference; lastKnownFileType = folder.assetcatalog; path = Assets.xcassets; sourceTree = "<group>"; };
		FA6B9A6528CD1A03002D13DA /* Preview Assets.xcassets */ = {isa = PBXFileReference; lastKnownFileType = folder.assetcatalog; path = "Preview Assets.xcassets"; sourceTree = "<group>"; };
		FA727F1428D261DA00753C57 /* MoneyTests.xctest */ = {isa = PBXFileReference; explicitFileType = wrapper.cfbundle; includeInIndex = 0; path = MoneyTests.xctest; sourceTree = BUILT_PRODUCTS_DIR; };
		FA727F1628D261DA00753C57 /* MoneyTests.swift */ = {isa = PBXFileReference; lastKnownFileType = sourcecode.swift; path = MoneyTests.swift; sourceTree = "<group>"; };
		FA727F1D28D261FF00753C57 /* CoreDataStackTests.swift */ = {isa = PBXFileReference; lastKnownFileType = sourcecode.swift; path = CoreDataStackTests.swift; sourceTree = "<group>"; };
		FABB5F182901463700EF27F6 /* Repository */ = {isa = PBXFileReference; lastKnownFileType = wrapper; path = Repository; sourceTree = "<group>"; };
		FABB5F1C2901477700EF27F6 /* CoreDataWrapper */ = {isa = PBXFileReference; lastKnownFileType = wrapper; path = CoreDataWrapper; sourceTree = "<group>"; };
		FAD5F79A293348B700CA7CF4 /* AuthFeature */ = {isa = PBXFileReference; lastKnownFileType = wrapper; path = AuthFeature; sourceTree = "<group>"; };
/* End PBXFileReference section */

/* Begin PBXFrameworksBuildPhase section */
		FA6B9A5828CD1A02002D13DA /* Frameworks */ = {
			isa = PBXFrameworksBuildPhase;
			buildActionMask = 2147483647;
			files = (
				FABB5F1429001BFE00EF27F6 /* Helpers in Frameworks */,
				FAD5F79D2933499F00CA7CF4 /* AuthFeature in Frameworks */,
				FA49F11D28F846E6006F3078 /* Models in Frameworks */,
				FA0D9A6F293375850036872F /* Services in Frameworks */,
				FA49F11A28F845BF006F3078 /* TransactionsFeature in Frameworks */,
				FA49F11628F845BF006F3078 /* NewAccountFeature in Frameworks */,
				FABB5F1A2901464F00EF27F6 /* Repository in Frameworks */,
				FA49F11F28F8476D006F3078 /* AccountsFeature in Frameworks */,
				FA49F11828F845BF006F3078 /* RootFeature in Frameworks */,
			);
			runOnlyForDeploymentPostprocessing = 0;
		};
		FA727F1128D261DA00753C57 /* Frameworks */ = {
			isa = PBXFrameworksBuildPhase;
			buildActionMask = 2147483647;
			files = (
			);
			runOnlyForDeploymentPostprocessing = 0;
		};
/* End PBXFrameworksBuildPhase section */

/* Begin PBXGroup section */
		FA6B9A5228CD1A02002D13DA = {
			isa = PBXGroup;
			children = (
				FA6B9A5D28CD1A02002D13DA /* Money */,
				FA727F1528D261DA00753C57 /* MoneyTests */,
				FA6B9A5C28CD1A02002D13DA /* Products */,
				FAB0303628F7628C00E77C0D /* Frameworks */,
			);
			sourceTree = "<group>";
		};
		FA6B9A5C28CD1A02002D13DA /* Products */ = {
			isa = PBXGroup;
			children = (
				FA6B9A5B28CD1A02002D13DA /* Money.app */,
				FA727F1428D261DA00753C57 /* MoneyTests.xctest */,
			);
			name = Products;
			sourceTree = "<group>";
		};
		FA6B9A5D28CD1A02002D13DA /* Money */ = {
			isa = PBXGroup;
			children = (
				FA0D9A70293380E30036872F /* Info.plist */,
				FA0D9A6D293375770036872F /* Services */,
				FA6B9A5E28CD1A02002D13DA /* MoneyApp.swift */,
				FA49F11B28F846AC006F3078 /* Models */,
				FA38BFE9290019E400E4CD98 /* Helpers */,
				FAECA29F28EDB565001F40F8 /* Features */,
				FABB5F1D290147F900EF27F6 /* Storage */,
				FA6B9A6228CD1A03002D13DA /* Assets.xcassets */,
				FA6B9A6428CD1A03002D13DA /* Preview Content */,
			);
			path = Money;
			sourceTree = "<group>";
		};
		FA6B9A6428CD1A03002D13DA /* Preview Content */ = {
			isa = PBXGroup;
			children = (
				FA6B9A6528CD1A03002D13DA /* Preview Assets.xcassets */,
			);
			path = "Preview Content";
			sourceTree = "<group>";
		};
		FA727F1528D261DA00753C57 /* MoneyTests */ = {
			isa = PBXGroup;
			children = (
				FA727F1628D261DA00753C57 /* MoneyTests.swift */,
				FA727F1F28D2679200753C57 /* Persistence */,
			);
			path = MoneyTests;
			sourceTree = "<group>";
		};
		FA727F1F28D2679200753C57 /* Persistence */ = {
			isa = PBXGroup;
			children = (
				FA727F1D28D261FF00753C57 /* CoreDataStackTests.swift */,
			);
			path = Persistence;
			sourceTree = "<group>";
		};
		FAB0303628F7628C00E77C0D /* Frameworks */ = {
			isa = PBXGroup;
			children = (
			);
			name = Frameworks;
			sourceTree = "<group>";
		};
		FABB5F1D290147F900EF27F6 /* Storage */ = {
			isa = PBXGroup;
			children = (
				FABB5F182901463700EF27F6 /* Repository */,
				FABB5F1C2901477700EF27F6 /* CoreDataWrapper */,
			);
			path = Storage;
			sourceTree = "<group>";
		};
		FAECA29F28EDB565001F40F8 /* Features */ = {
			isa = PBXGroup;
			children = (
				FAD5F79A293348B700CA7CF4 /* AuthFeature */,
				FA49F10A28F842BA006F3078 /* RootFeature */,
				FA49F10D28F843EC006F3078 /* AccountsFeature */,
				FA49F10F28F844CB006F3078 /* NewAccountFeature */,
				FA49F11128F84557006F3078 /* TransactionsFeature */,
			);
			path = Features;
			sourceTree = "<group>";
		};
/* End PBXGroup section */

/* Begin PBXNativeTarget section */
		FA6B9A5A28CD1A02002D13DA /* Money */ = {
			isa = PBXNativeTarget;
			buildConfigurationList = FA6B9A6928CD1A03002D13DA /* Build configuration list for PBXNativeTarget "Money" */;
			buildPhases = (
				FA6B9A5728CD1A02002D13DA /* Sources */,
				FA6B9A5828CD1A02002D13DA /* Frameworks */,
				FA6B9A5928CD1A02002D13DA /* Resources */,
			);
			buildRules = (
			);
			dependencies = (
			);
			name = Money;
			packageProductDependencies = (
				FA49F11528F845BF006F3078 /* NewAccountFeature */,
				FA49F11728F845BF006F3078 /* RootFeature */,
				FA49F11928F845BF006F3078 /* TransactionsFeature */,
				FA49F11C28F846E6006F3078 /* Models */,
				FA49F11E28F8476D006F3078 /* AccountsFeature */,
				FABB5F1329001BFE00EF27F6 /* Helpers */,
				FABB5F192901464F00EF27F6 /* Repository */,
				FAD5F79C2933499F00CA7CF4 /* AuthFeature */,
				FA0D9A6E293375850036872F /* Services */,
			);
			productName = Money;
			productReference = FA6B9A5B28CD1A02002D13DA /* Money.app */;
			productType = "com.apple.product-type.application";
		};
		FA727F1328D261DA00753C57 /* MoneyTests */ = {
			isa = PBXNativeTarget;
			buildConfigurationList = FA727F1A28D261DA00753C57 /* Build configuration list for PBXNativeTarget "MoneyTests" */;
			buildPhases = (
				FA727F1028D261DA00753C57 /* Sources */,
				FA727F1128D261DA00753C57 /* Frameworks */,
				FA727F1228D261DA00753C57 /* Resources */,
			);
			buildRules = (
			);
			dependencies = (
				FA727F1928D261DA00753C57 /* PBXTargetDependency */,
			);
			name = MoneyTests;
			productName = MoneyTests;
			productReference = FA727F1428D261DA00753C57 /* MoneyTests.xctest */;
			productType = "com.apple.product-type.bundle.unit-test";
		};
/* End PBXNativeTarget section */

/* Begin PBXProject section */
		FA6B9A5328CD1A02002D13DA /* Project object */ = {
			isa = PBXProject;
			attributes = {
				BuildIndependentTargetsInParallel = 1;
				LastSwiftUpdateCheck = 1400;
				LastUpgradeCheck = 1400;
				TargetAttributes = {
					FA6B9A5A28CD1A02002D13DA = {
						CreatedOnToolsVersion = 14.0;
					};
					FA727F1328D261DA00753C57 = {
						CreatedOnToolsVersion = 14.0;
						TestTargetID = FA6B9A5A28CD1A02002D13DA;
					};
				};
			};
			buildConfigurationList = FA6B9A5628CD1A02002D13DA /* Build configuration list for PBXProject "Money" */;
			compatibilityVersion = "Xcode 14.0";
			developmentRegion = en;
			hasScannedForEncodings = 0;
			knownRegions = (
				en,
				Base,
			);
			mainGroup = FA6B9A5228CD1A02002D13DA;
			packageReferences = (
			);
			productRefGroup = FA6B9A5C28CD1A02002D13DA /* Products */;
			projectDirPath = "";
			projectRoot = "";
			targets = (
				FA6B9A5A28CD1A02002D13DA /* Money */,
				FA727F1328D261DA00753C57 /* MoneyTests */,
			);
		};
/* End PBXProject section */

/* Begin PBXResourcesBuildPhase section */
		FA6B9A5928CD1A02002D13DA /* Resources */ = {
			isa = PBXResourcesBuildPhase;
			buildActionMask = 2147483647;
			files = (
				FAD5F79B293348B700CA7CF4 /* AuthFeature in Resources */,
				FA6B9A6628CD1A03002D13DA /* Preview Assets.xcassets in Resources */,
				FA49F11028F844CB006F3078 /* NewAccountFeature in Resources */,
				FA6B9A6328CD1A03002D13DA /* Assets.xcassets in Resources */,
				FA49F10B28F842BA006F3078 /* RootFeature in Resources */,
				FA49F11228F84557006F3078 /* TransactionsFeature in Resources */,
				FA49F10E28F843EC006F3078 /* AccountsFeature in Resources */,
			);
			runOnlyForDeploymentPostprocessing = 0;
		};
		FA727F1228D261DA00753C57 /* Resources */ = {
			isa = PBXResourcesBuildPhase;
			buildActionMask = 2147483647;
			files = (
			);
			runOnlyForDeploymentPostprocessing = 0;
		};
/* End PBXResourcesBuildPhase section */

/* Begin PBXSourcesBuildPhase section */
		FA6B9A5728CD1A02002D13DA /* Sources */ = {
			isa = PBXSourcesBuildPhase;
			buildActionMask = 2147483647;
			files = (
				FA6B9A5F28CD1A02002D13DA /* MoneyApp.swift in Sources */,
			);
			runOnlyForDeploymentPostprocessing = 0;
		};
		FA727F1028D261DA00753C57 /* Sources */ = {
			isa = PBXSourcesBuildPhase;
			buildActionMask = 2147483647;
			files = (
				FA727F1728D261DA00753C57 /* MoneyTests.swift in Sources */,
				FA727F1E28D261FF00753C57 /* CoreDataStackTests.swift in Sources */,
			);
			runOnlyForDeploymentPostprocessing = 0;
		};
/* End PBXSourcesBuildPhase section */

/* Begin PBXTargetDependency section */
		FA727F1928D261DA00753C57 /* PBXTargetDependency */ = {
			isa = PBXTargetDependency;
			target = FA6B9A5A28CD1A02002D13DA /* Money */;
			targetProxy = FA727F1828D261DA00753C57 /* PBXContainerItemProxy */;
		};
/* End PBXTargetDependency section */

/* Begin XCBuildConfiguration section */
		FA6B9A6728CD1A03002D13DA /* Debug */ = {
			isa = XCBuildConfiguration;
			buildSettings = {
				ALWAYS_SEARCH_USER_PATHS = NO;
				CLANG_ANALYZER_LOCALIZABILITY_NONLOCALIZED = YES;
				CLANG_ANALYZER_NONNULL = YES;
				CLANG_ANALYZER_NUMBER_OBJECT_CONVERSION = YES_AGGRESSIVE;
				CLANG_CXX_LANGUAGE_STANDARD = "gnu++20";
				CLANG_ENABLE_MODULES = YES;
				CLANG_ENABLE_OBJC_ARC = YES;
				CLANG_ENABLE_OBJC_WEAK = YES;
				CLANG_WARN_BLOCK_CAPTURE_AUTORELEASING = YES;
				CLANG_WARN_BOOL_CONVERSION = YES;
				CLANG_WARN_COMMA = YES;
				CLANG_WARN_CONSTANT_CONVERSION = YES;
				CLANG_WARN_DEPRECATED_OBJC_IMPLEMENTATIONS = YES;
				CLANG_WARN_DIRECT_OBJC_ISA_USAGE = YES_ERROR;
				CLANG_WARN_DOCUMENTATION_COMMENTS = YES;
				CLANG_WARN_EMPTY_BODY = YES;
				CLANG_WARN_ENUM_CONVERSION = YES;
				CLANG_WARN_INFINITE_RECURSION = YES;
				CLANG_WARN_INT_CONVERSION = YES;
				CLANG_WARN_NON_LITERAL_NULL_CONVERSION = YES;
				CLANG_WARN_OBJC_IMPLICIT_RETAIN_SELF = YES;
				CLANG_WARN_OBJC_LITERAL_CONVERSION = YES;
				CLANG_WARN_OBJC_ROOT_CLASS = YES_ERROR;
				CLANG_WARN_QUOTED_INCLUDE_IN_FRAMEWORK_HEADER = YES;
				CLANG_WARN_RANGE_LOOP_ANALYSIS = YES;
				CLANG_WARN_STRICT_PROTOTYPES = YES;
				CLANG_WARN_SUSPICIOUS_MOVE = YES;
				CLANG_WARN_UNGUARDED_AVAILABILITY = YES_AGGRESSIVE;
				CLANG_WARN_UNREACHABLE_CODE = YES;
				CLANG_WARN__DUPLICATE_METHOD_MATCH = YES;
				COPY_PHASE_STRIP = NO;
				DEBUG_INFORMATION_FORMAT = dwarf;
				ENABLE_STRICT_OBJC_MSGSEND = YES;
				ENABLE_TESTABILITY = YES;
				GCC_C_LANGUAGE_STANDARD = gnu11;
				GCC_DYNAMIC_NO_PIC = NO;
				GCC_NO_COMMON_BLOCKS = YES;
				GCC_OPTIMIZATION_LEVEL = 0;
				GCC_PREPROCESSOR_DEFINITIONS = (
					"DEBUG=1",
					"$(inherited)",
				);
				GCC_WARN_64_TO_32_BIT_CONVERSION = YES;
				GCC_WARN_ABOUT_RETURN_TYPE = YES_ERROR;
				GCC_WARN_UNDECLARED_SELECTOR = YES;
				GCC_WARN_UNINITIALIZED_AUTOS = YES_AGGRESSIVE;
				GCC_WARN_UNUSED_FUNCTION = YES;
				GCC_WARN_UNUSED_VARIABLE = YES;
				IPHONEOS_DEPLOYMENT_TARGET = 15.0;
				MTL_ENABLE_DEBUG_INFO = INCLUDE_SOURCE;
				MTL_FAST_MATH = YES;
				ONLY_ACTIVE_ARCH = YES;
				SDKROOT = iphoneos;
				SWIFT_ACTIVE_COMPILATION_CONDITIONS = DEBUG;
				SWIFT_OPTIMIZATION_LEVEL = "-Onone";
			};
			name = Debug;
		};
		FA6B9A6828CD1A03002D13DA /* Release */ = {
			isa = XCBuildConfiguration;
			buildSettings = {
				ALWAYS_SEARCH_USER_PATHS = NO;
				CLANG_ANALYZER_LOCALIZABILITY_NONLOCALIZED = YES;
				CLANG_ANALYZER_NONNULL = YES;
				CLANG_ANALYZER_NUMBER_OBJECT_CONVERSION = YES_AGGRESSIVE;
				CLANG_CXX_LANGUAGE_STANDARD = "gnu++20";
				CLANG_ENABLE_MODULES = YES;
				CLANG_ENABLE_OBJC_ARC = YES;
				CLANG_ENABLE_OBJC_WEAK = YES;
				CLANG_WARN_BLOCK_CAPTURE_AUTORELEASING = YES;
				CLANG_WARN_BOOL_CONVERSION = YES;
				CLANG_WARN_COMMA = YES;
				CLANG_WARN_CONSTANT_CONVERSION = YES;
				CLANG_WARN_DEPRECATED_OBJC_IMPLEMENTATIONS = YES;
				CLANG_WARN_DIRECT_OBJC_ISA_USAGE = YES_ERROR;
				CLANG_WARN_DOCUMENTATION_COMMENTS = YES;
				CLANG_WARN_EMPTY_BODY = YES;
				CLANG_WARN_ENUM_CONVERSION = YES;
				CLANG_WARN_INFINITE_RECURSION = YES;
				CLANG_WARN_INT_CONVERSION = YES;
				CLANG_WARN_NON_LITERAL_NULL_CONVERSION = YES;
				CLANG_WARN_OBJC_IMPLICIT_RETAIN_SELF = YES;
				CLANG_WARN_OBJC_LITERAL_CONVERSION = YES;
				CLANG_WARN_OBJC_ROOT_CLASS = YES_ERROR;
				CLANG_WARN_QUOTED_INCLUDE_IN_FRAMEWORK_HEADER = YES;
				CLANG_WARN_RANGE_LOOP_ANALYSIS = YES;
				CLANG_WARN_STRICT_PROTOTYPES = YES;
				CLANG_WARN_SUSPICIOUS_MOVE = YES;
				CLANG_WARN_UNGUARDED_AVAILABILITY = YES_AGGRESSIVE;
				CLANG_WARN_UNREACHABLE_CODE = YES;
				CLANG_WARN__DUPLICATE_METHOD_MATCH = YES;
				COPY_PHASE_STRIP = NO;
				DEBUG_INFORMATION_FORMAT = "dwarf-with-dsym";
				ENABLE_NS_ASSERTIONS = NO;
				ENABLE_STRICT_OBJC_MSGSEND = YES;
				GCC_C_LANGUAGE_STANDARD = gnu11;
				GCC_NO_COMMON_BLOCKS = YES;
				GCC_WARN_64_TO_32_BIT_CONVERSION = YES;
				GCC_WARN_ABOUT_RETURN_TYPE = YES_ERROR;
				GCC_WARN_UNDECLARED_SELECTOR = YES;
				GCC_WARN_UNINITIALIZED_AUTOS = YES_AGGRESSIVE;
				GCC_WARN_UNUSED_FUNCTION = YES;
				GCC_WARN_UNUSED_VARIABLE = YES;
				IPHONEOS_DEPLOYMENT_TARGET = 15.0;
				MTL_ENABLE_DEBUG_INFO = NO;
				MTL_FAST_MATH = YES;
				SDKROOT = iphoneos;
				SWIFT_COMPILATION_MODE = wholemodule;
				SWIFT_OPTIMIZATION_LEVEL = "-O";
				VALIDATE_PRODUCT = YES;
			};
			name = Release;
		};
		FA6B9A6A28CD1A03002D13DA /* Debug */ = {
			isa = XCBuildConfiguration;
			buildSettings = {
				ASSETCATALOG_COMPILER_APPICON_NAME = AppIcon;
				ASSETCATALOG_COMPILER_GLOBAL_ACCENT_COLOR_NAME = AccentColor;
				CODE_SIGN_IDENTITY = "Apple Development";
				CODE_SIGN_STYLE = Automatic;
				CURRENT_PROJECT_VERSION = 1;
				DEVELOPMENT_ASSET_PATHS = "\"Money/Preview Content\"";
				DEVELOPMENT_TEAM = X7GLF7Z6BV;
				ENABLE_PREVIEWS = YES;
				GCC_TREAT_WARNINGS_AS_ERRORS = YES;
				GENERATE_INFOPLIST_FILE = YES;
				INFOPLIST_FILE = Money/Info.plist;
				INFOPLIST_KEY_UIApplicationSceneManifest_Generation = YES;
				INFOPLIST_KEY_UIApplicationSupportsIndirectInputEvents = YES;
				INFOPLIST_KEY_UILaunchScreen_Generation = YES;
				INFOPLIST_KEY_UISupportedInterfaceOrientations_iPad = "UIInterfaceOrientationPortrait UIInterfaceOrientationPortraitUpsideDown UIInterfaceOrientationLandscapeLeft UIInterfaceOrientationLandscapeRight";
				INFOPLIST_KEY_UISupportedInterfaceOrientations_iPhone = "UIInterfaceOrientationPortrait UIInterfaceOrientationLandscapeLeft UIInterfaceOrientationLandscapeRight";
				IPHONEOS_DEPLOYMENT_TARGET = 15.0;
				LD_RUNPATH_SEARCH_PATHS = (
					"$(inherited)",
					"@executable_path/Frameworks",
				);
				MARKETING_VERSION = 1.0;
				PRODUCT_BUNDLE_IDENTIFIER = com.mikhaildudarev.Money;
				PRODUCT_NAME = "$(TARGET_NAME)";
				PROVISIONING_PROFILE_SPECIFIER = "";
				SWIFT_EMIT_LOC_STRINGS = YES;
				SWIFT_TREAT_WARNINGS_AS_ERRORS = YES;
				SWIFT_VERSION = 5.0;
				TARGETED_DEVICE_FAMILY = "1,2";
			};
			name = Debug;
		};
		FA6B9A6B28CD1A03002D13DA /* Release */ = {
			isa = XCBuildConfiguration;
			buildSettings = {
				ASSETCATALOG_COMPILER_APPICON_NAME = AppIcon;
				ASSETCATALOG_COMPILER_GLOBAL_ACCENT_COLOR_NAME = AccentColor;
				CODE_SIGN_IDENTITY = "Apple Development";
				CODE_SIGN_STYLE = Automatic;
				CURRENT_PROJECT_VERSION = 1;
				DEVELOPMENT_ASSET_PATHS = "\"Money/Preview Content\"";
				DEVELOPMENT_TEAM = X7GLF7Z6BV;
				ENABLE_PREVIEWS = YES;
				GCC_TREAT_WARNINGS_AS_ERRORS = YES;
				GENERATE_INFOPLIST_FILE = YES;
				INFOPLIST_FILE = Money/Info.plist;
				INFOPLIST_KEY_UIApplicationSceneManifest_Generation = YES;
				INFOPLIST_KEY_UIApplicationSupportsIndirectInputEvents = YES;
				INFOPLIST_KEY_UILaunchScreen_Generation = YES;
				INFOPLIST_KEY_UISupportedInterfaceOrientations_iPad = "UIInterfaceOrientationPortrait UIInterfaceOrientationPortraitUpsideDown UIInterfaceOrientationLandscapeLeft UIInterfaceOrientationLandscapeRight";
				INFOPLIST_KEY_UISupportedInterfaceOrientations_iPhone = "UIInterfaceOrientationPortrait UIInterfaceOrientationLandscapeLeft UIInterfaceOrientationLandscapeRight";
				IPHONEOS_DEPLOYMENT_TARGET = 15.0;
				LD_RUNPATH_SEARCH_PATHS = (
					"$(inherited)",
					"@executable_path/Frameworks",
				);
				MARKETING_VERSION = 1.0;
				PRODUCT_BUNDLE_IDENTIFIER = com.mikhaildudarev.Money;
				PRODUCT_NAME = "$(TARGET_NAME)";
				PROVISIONING_PROFILE_SPECIFIER = "";
				SWIFT_EMIT_LOC_STRINGS = YES;
				SWIFT_TREAT_WARNINGS_AS_ERRORS = YES;
				SWIFT_VERSION = 5.0;
				TARGETED_DEVICE_FAMILY = "1,2";
			};
			name = Release;
		};
		FA727F1B28D261DA00753C57 /* Debug */ = {
			isa = XCBuildConfiguration;
			buildSettings = {
				BUNDLE_LOADER = "$(TEST_HOST)";
				CODE_SIGN_STYLE = Automatic;
				CURRENT_PROJECT_VERSION = 1;
				DEVELOPMENT_TEAM = X7GLF7Z6BV;
				GENERATE_INFOPLIST_FILE = YES;
				MARKETING_VERSION = 1.0;
				PRODUCT_BUNDLE_IDENTIFIER = com.mikhaildudarev.MoneyTests;
				PRODUCT_NAME = "$(TARGET_NAME)";
				SWIFT_EMIT_LOC_STRINGS = NO;
				SWIFT_VERSION = 5.0;
				TARGETED_DEVICE_FAMILY = "1,2";
				TEST_HOST = "$(BUILT_PRODUCTS_DIR)/Money.app/$(BUNDLE_EXECUTABLE_FOLDER_PATH)/Money";
			};
			name = Debug;
		};
		FA727F1C28D261DA00753C57 /* Release */ = {
			isa = XCBuildConfiguration;
			buildSettings = {
				BUNDLE_LOADER = "$(TEST_HOST)";
				CODE_SIGN_STYLE = Automatic;
				CURRENT_PROJECT_VERSION = 1;
				DEVELOPMENT_TEAM = X7GLF7Z6BV;
				GENERATE_INFOPLIST_FILE = YES;
				MARKETING_VERSION = 1.0;
				PRODUCT_BUNDLE_IDENTIFIER = com.mikhaildudarev.MoneyTests;
				PRODUCT_NAME = "$(TARGET_NAME)";
				SWIFT_EMIT_LOC_STRINGS = NO;
				SWIFT_VERSION = 5.0;
				TARGETED_DEVICE_FAMILY = "1,2";
				TEST_HOST = "$(BUILT_PRODUCTS_DIR)/Money.app/$(BUNDLE_EXECUTABLE_FOLDER_PATH)/Money";
			};
			name = Release;
		};
/* End XCBuildConfiguration section */

/* Begin XCConfigurationList section */
		FA6B9A5628CD1A02002D13DA /* Build configuration list for PBXProject "Money" */ = {
			isa = XCConfigurationList;
			buildConfigurations = (
				FA6B9A6728CD1A03002D13DA /* Debug */,
				FA6B9A6828CD1A03002D13DA /* Release */,
			);
			defaultConfigurationIsVisible = 0;
			defaultConfigurationName = Release;
		};
		FA6B9A6928CD1A03002D13DA /* Build configuration list for PBXNativeTarget "Money" */ = {
			isa = XCConfigurationList;
			buildConfigurations = (
				FA6B9A6A28CD1A03002D13DA /* Debug */,
				FA6B9A6B28CD1A03002D13DA /* Release */,
			);
			defaultConfigurationIsVisible = 0;
			defaultConfigurationName = Release;
		};
		FA727F1A28D261DA00753C57 /* Build configuration list for PBXNativeTarget "MoneyTests" */ = {
			isa = XCConfigurationList;
			buildConfigurations = (
				FA727F1B28D261DA00753C57 /* Debug */,
				FA727F1C28D261DA00753C57 /* Release */,
			);
			defaultConfigurationIsVisible = 0;
			defaultConfigurationName = Release;
		};
/* End XCConfigurationList section */

/* Begin XCSwiftPackageProductDependency section */
		FA0D9A6E293375850036872F /* Services */ = {
			isa = XCSwiftPackageProductDependency;
			productName = Services;
		};
		FA49F11528F845BF006F3078 /* NewAccountFeature */ = {
			isa = XCSwiftPackageProductDependency;
			productName = NewAccountFeature;
		};
		FA49F11728F845BF006F3078 /* RootFeature */ = {
			isa = XCSwiftPackageProductDependency;
			productName = RootFeature;
		};
		FA49F11928F845BF006F3078 /* TransactionsFeature */ = {
			isa = XCSwiftPackageProductDependency;
			productName = TransactionsFeature;
		};
		FA49F11C28F846E6006F3078 /* Models */ = {
			isa = XCSwiftPackageProductDependency;
			productName = Models;
		};
		FA49F11E28F8476D006F3078 /* AccountsFeature */ = {
			isa = XCSwiftPackageProductDependency;
			productName = AccountsFeature;
		};
		FABB5F1329001BFE00EF27F6 /* Helpers */ = {
			isa = XCSwiftPackageProductDependency;
			productName = Helpers;
		};
		FABB5F192901464F00EF27F6 /* Repository */ = {
			isa = XCSwiftPackageProductDependency;
			productName = Repository;
		};
		FAD5F79C2933499F00CA7CF4 /* AuthFeature */ = {
			isa = XCSwiftPackageProductDependency;
			productName = AuthFeature;
		};
/* End XCSwiftPackageProductDependency section */
	};
	rootObject = FA6B9A5328CD1A02002D13DA /* Project object */;
}
